
Microsoft Visual Studio Solution File, Format Version 12.00
# Visual Studio Version 17
VisualStudioVersion = 17.1.32210.238
MinimumVisualStudioVersion = 10.0.40219.1
Project("{FAE04EC0-301F-11D3-BF4B-00C04F79EFBC}") = "Homework", "Homework\Homework.csproj", "{B658851F-4319-418E-B8EA-355145CF5CD4}"
EndProject
Project("{FAE04EC0-301F-11D3-BF4B-00C04F79EFBC}") = "Utils", "Utils\Utils.csproj", "{D33C6996-C3DF-4BC7-98CC-BF02D5D005E0}"
EndProject
Global
	GlobalSection(SolutionConfigurationPlatforms) = preSolution
		Debug|Any CPU = Debug|Any CPU
		Release|Any CPU = Release|Any CPU
	EndGlobalSection
	GlobalSection(ProjectConfigurationPlatforms) = postSolution
		{B658851F-4319-418E-B8EA-355145CF5CD4}.Debug|Any CPU.ActiveCfg = Debug|Any CPU
		{B658851F-4319-418E-B8EA-355145CF5CD4}.Debug|Any CPU.Build.0 = Debug|Any CPU
		{B658851F-4319-418E-B8EA-355145CF5CD4}.Release|Any CPU.ActiveCfg = Release|Any CPU
		{B658851F-4319-418E-B8EA-355145CF5CD4}.Release|Any CPU.Build.0 = Release|Any CPU
		{D33C6996-C3DF-4BC7-98CC-BF02D5D005E0}.Debug|Any CPU.ActiveCfg = Debug|Any CPU
		{D33C6996-C3DF-4BC7-98CC-BF02D5D005E0}.Debug|Any CPU.Build.0 = Debug|Any CPU
		{D33C6996-C3DF-4BC7-98CC-BF02D5D005E0}.Release|Any CPU.ActiveCfg = Release|Any CPU
		{D33C6996-C3DF-4BC7-98CC-BF02D5D005E0}.Release|Any CPU.Build.0 = Release|Any CPU
	EndGlobalSection
	GlobalSection(SolutionProperties) = preSolution
		HideSolutionNode = FALSE
	EndGlobalSection
	GlobalSection(ExtensibilityGlobals) = postSolution
		SolutionGuid = {8DE3B54F-AD41-4D61-B6F1-7B79F5533436}
	EndGlobalSection
EndGlobal
